
Microsoft Visual Studio Solution File, Format Version 12.00
# Visual Studio Version 17
VisualStudioVersion = 17.5.002.0
MinimumVisualStudioVersion = 10.0.40219.1
Project("{9A19103F-16F7-4668-BE54-9A1E7A4F7556}") = "dot-net-gui", "dot-net-gui.csproj", "{51206682-4AFF-4DE8-8813-74BC4CC80373}"
EndProject
Global
	GlobalSection(SolutionConfigurationPlatforms) = preSolution
		Debug|Any CPU = Debug|Any CPU
		Release|Any CPU = Release|Any CPU
	EndGlobalSection
	GlobalSection(ProjectConfigurationPlatforms) = postSolution
		{51206682-4AFF-4DE8-8813-74BC4CC80373}.Debug|Any CPU.ActiveCfg = Debug|Any CPU
		{51206682-4AFF-4DE8-8813-74BC4CC80373}.Debug|Any CPU.Build.0 = Debug|Any CPU
		{51206682-4AFF-4DE8-8813-74BC4CC80373}.Release|Any CPU.ActiveCfg = Release|Any CPU
		{51206682-4AFF-4DE8-8813-74BC4CC80373}.Release|Any CPU.Build.0 = Release|Any CPU
	EndGlobalSection
	GlobalSection(SolutionProperties) = preSolution
		HideSolutionNode = FALSE
	EndGlobalSection
	GlobalSection(ExtensibilityGlobals) = postSolution
		SolutionGuid = {C6D4E7C5-FD92-4A8E-A1B7-759CF203D8DD}
	EndGlobalSection
EndGlobal
